// !$*UTF8*$!
{
	archiveVersion = 1;
	classes = {
	};
	objectVersion = 46;
	objects = {

/* Begin PBXBuildFile section */
		296CB9421A802B58003C70D2 /* AppDelegate.swift in Sources */ = {isa = PBXBuildFile; fileRef = 296CB9411A802B58003C70D2 /* AppDelegate.swift */; };
		296CB9441A802B58003C70D2 /* ViewController.swift in Sources */ = {isa = PBXBuildFile; fileRef = 296CB9431A802B58003C70D2 /* ViewController.swift */; };
		296CB9471A802B58003C70D2 /* Main.storyboard in Resources */ = {isa = PBXBuildFile; fileRef = 296CB9451A802B58003C70D2 /* Main.storyboard */; };
		296CB9491A802B58003C70D2 /* Images.xcassets in Resources */ = {isa = PBXBuildFile; fileRef = 296CB9481A802B58003C70D2 /* Images.xcassets */; };
		296CB94C1A802B58003C70D2 /* LaunchScreen.xib in Resources */ = {isa = PBXBuildFile; fileRef = 296CB94A1A802B58003C70D2 /* LaunchScreen.xib */; };
		296CB9581A802B58003C70D2 /* Chinese_Listening_PracticeTests.swift in Sources */ = {isa = PBXBuildFile; fileRef = 296CB9571A802B58003C70D2 /* Chinese_Listening_PracticeTests.swift */; };
/* End PBXBuildFile section */

/* Begin PBXContainerItemProxy section */
		296CB9521A802B58003C70D2 /* PBXContainerItemProxy */ = {
			isa = PBXContainerItemProxy;
			containerPortal = 296CB9341A802B57003C70D2 /* Project object */;
			proxyType = 1;
			remoteGlobalIDString = 296CB93B1A802B57003C70D2;
			remoteInfo = "Chinese Listening Practice";
		};
/* End PBXContainerItemProxy section */

/* Begin PBXFileReference section */
		296CB93C1A802B57003C70D2 /* Chinese Listening Practice.app */ = {isa = PBXFileReference; explicitFileType = wrapper.application; includeInIndex = 0; path = "Chinese Listening Practice.app"; sourceTree = BUILT_PRODUCTS_DIR; };
		296CB9401A802B57003C70D2 /* Info.plist */ = {isa = PBXFileReference; lastKnownFileType = text.plist.xml; path = Info.plist; sourceTree = "<group>"; };
		296CB9411A802B58003C70D2 /* AppDelegate.swift */ = {isa = PBXFileReference; lastKnownFileType = sourcecode.swift; path = AppDelegate.swift; sourceTree = "<group>"; };
		296CB9431A802B58003C70D2 /* ViewController.swift */ = {isa = PBXFileReference; lastKnownFileType = sourcecode.swift; path = ViewController.swift; sourceTree = "<group>"; };
		296CB9461A802B58003C70D2 /* Base */ = {isa = PBXFileReference; lastKnownFileType = file.storyboard; name = Base; path = Base.lproj/Main.storyboard; sourceTree = "<group>"; };
		296CB9481A802B58003C70D2 /* Images.xcassets */ = {isa = PBXFileReference; lastKnownFileType = folder.assetcatalog; path = Images.xcassets; sourceTree = "<group>"; };
		296CB94B1A802B58003C70D2 /* Base */ = {isa = PBXFileReference; lastKnownFileType = file.xib; name = Base; path = Base.lproj/LaunchScreen.xib; sourceTree = "<group>"; };
		296CB9511A802B58003C70D2 /* Chinese Listening PracticeTests.xctest */ = {isa = PBXFileReference; explicitFileType = wrapper.cfbundle; includeInIndex = 0; path = "Chinese Listening PracticeTests.xctest"; sourceTree = BUILT_PRODUCTS_DIR; };
		296CB9561A802B58003C70D2 /* Info.plist */ = {isa = PBXFileReference; lastKnownFileType = text.plist.xml; path = Info.plist; sourceTree = "<group>"; };
		296CB9571A802B58003C70D2 /* Chinese_Listening_PracticeTests.swift */ = {isa = PBXFileReference; lastKnownFileType = sourcecode.swift; path = Chinese_Listening_PracticeTests.swift; sourceTree = "<group>"; };
/* End PBXFileReference section */

/* Begin PBXFrameworksBuildPhase section */
		296CB9391A802B57003C70D2 /* Frameworks */ = {
			isa = PBXFrameworksBuildPhase;
			buildActionMask = 2147483647;
			files = (
			);
			runOnlyForDeploymentPostprocessing = 0;
		};
		296CB94E1A802B58003C70D2 /* Frameworks */ = {
			isa = PBXFrameworksBuildPhase;
			buildActionMask = 2147483647;
			files = (
			);
			runOnlyForDeploymentPostprocessing = 0;
		};
/* End PBXFrameworksBuildPhase section */

/* Begin PBXGroup section */
		296CB9331A802B57003C70D2 = {
			isa = PBXGroup;
			children = (
				296CB93E1A802B57003C70D2 /* Chinese Listening Practice */,
				296CB9541A802B58003C70D2 /* Chinese Listening PracticeTests */,
				296CB93D1A802B57003C70D2 /* Products */,
			);
			sourceTree = "<group>";
		};
		296CB93D1A802B57003C70D2 /* Products */ = {
			isa = PBXGroup;
			children = (
				296CB93C1A802B57003C70D2 /* Chinese Listening Practice.app */,
				296CB9511A802B58003C70D2 /* Chinese Listening PracticeTests.xctest */,
			);
			name = Products;
			sourceTree = "<group>";
		};
		296CB93E1A802B57003C70D2 /* Chinese Listening Practice */ = {
			isa = PBXGroup;
			children = (
				296CB9411A802B58003C70D2 /* AppDelegate.swift */,
				296CB9431A802B58003C70D2 /* ViewController.swift */,
				296CB9451A802B58003C70D2 /* Main.storyboard */,
				296CB9481A802B58003C70D2 /* Images.xcassets */,
				296CB94A1A802B58003C70D2 /* LaunchScreen.xib */,
				296CB93F1A802B57003C70D2 /* Supporting Files */,
			);
			path = "Chinese Listening Practice";
			sourceTree = "<group>";
		};
		296CB93F1A802B57003C70D2 /* Supporting Files */ = {
			isa = PBXGroup;
			children = (
				296CB9401A802B57003C70D2 /* Info.plist */,
			);
			name = "Supporting Files";
			sourceTree = "<group>";
		};
		296CB9541A802B58003C70D2 /* Chinese Listening PracticeTests */ = {
			isa = PBXGroup;
			children = (
				296CB9571A802B58003C70D2 /* Chinese_Listening_PracticeTests.swift */,
				296CB9551A802B58003C70D2 /* Supporting Files */,
			);
			path = "Chinese Listening PracticeTests";
			sourceTree = "<group>";
		};
		296CB9551A802B58003C70D2 /* Supporting Files */ = {
			isa = PBXGroup;
			children = (
				296CB9561A802B58003C70D2 /* Info.plist */,
			);
			name = "Supporting Files";
			sourceTree = "<group>";
		};
/* End PBXGroup section */

/* Begin PBXNativeTarget section */
		296CB93B1A802B57003C70D2 /* Chinese Listening Practice */ = {
			isa = PBXNativeTarget;
			buildConfigurationList = 296CB95B1A802B58003C70D2 /* Build configuration list for PBXNativeTarget "Chinese Listening Practice" */;
			buildPhases = (
				296CB9381A802B57003C70D2 /* Sources */,
				296CB9391A802B57003C70D2 /* Frameworks */,
				296CB93A1A802B57003C70D2 /* Resources */,
			);
			buildRules = (
			);
			dependencies = (
			);
			name = "Chinese Listening Practice";
			productName = "Chinese Listening Practice";
			productReference = 296CB93C1A802B57003C70D2 /* Chinese Listening Practice.app */;
			productType = "com.apple.product-type.application";
		};
		296CB9501A802B58003C70D2 /* Chinese Listening PracticeTests */ = {
			isa = PBXNativeTarget;
			buildConfigurationList = 296CB95E1A802B58003C70D2 /* Build configuration list for PBXNativeTarget "Chinese Listening PracticeTests" */;
			buildPhases = (
				296CB94D1A802B58003C70D2 /* Sources */,
				296CB94E1A802B58003C70D2 /* Frameworks */,
				296CB94F1A802B58003C70D2 /* Resources */,
			);
			buildRules = (
			);
			dependencies = (
				296CB9531A802B58003C70D2 /* PBXTargetDependency */,
			);
			name = "Chinese Listening PracticeTests";
			productName = "Chinese Listening PracticeTests";
			productReference = 296CB9511A802B58003C70D2 /* Chinese Listening PracticeTests.xctest */;
			productType = "com.apple.product-type.bundle.unit-test";
		};
/* End PBXNativeTarget section */

/* Begin PBXProject section */
		296CB9341A802B57003C70D2 /* Project object */ = {
			isa = PBXProject;
			attributes = {
				LastUpgradeCheck = 0610;
				ORGANIZATIONNAME = "中川 亮";
				TargetAttributes = {
					296CB93B1A802B57003C70D2 = {
						CreatedOnToolsVersion = 6.1.1;
					};
					296CB9501A802B58003C70D2 = {
						CreatedOnToolsVersion = 6.1.1;
						TestTargetID = 296CB93B1A802B57003C70D2;
					};
				};
			};
			buildConfigurationList = 296CB9371A802B57003C70D2 /* Build configuration list for PBXProject "Chinese Listening Practice" */;
			compatibilityVersion = "Xcode 3.2";
			developmentRegion = English;
			hasScannedForEncodings = 0;
			knownRegions = (
				en,
				Base,
			);
			mainGroup = 296CB9331A802B57003C70D2;
			productRefGroup = 296CB93D1A802B57003C70D2 /* Products */;
			projectDirPath = "";
			projectRoot = "";
			targets = (
				296CB93B1A802B57003C70D2 /* Chinese Listening Practice */,
				296CB9501A802B58003C70D2 /* Chinese Listening PracticeTests */,
			);
		};
/* End PBXProject section */

/* Begin PBXResourcesBuildPhase section */
		296CB93A1A802B57003C70D2 /* Resources */ = {
			isa = PBXResourcesBuildPhase;
			buildActionMask = 2147483647;
			files = (
				296CB9471A802B58003C70D2 /* Main.storyboard in Resources */,
				296CB94C1A802B58003C70D2 /* LaunchScreen.xib in Resources */,
				296CB9491A802B58003C70D2 /* Images.xcassets in Resources */,
			);
			runOnlyForDeploymentPostprocessing = 0;
		};
		296CB94F1A802B58003C70D2 /* Resources */ = {
			isa = PBXResourcesBuildPhase;
			buildActionMask = 2147483647;
			files = (
			);
			runOnlyForDeploymentPostprocessing = 0;
		};
/* End PBXResourcesBuildPhase section */

/* Begin PBXSourcesBuildPhase section */
		296CB9381A802B57003C70D2 /* Sources */ = {
			isa = PBXSourcesBuildPhase;
			buildActionMask = 2147483647;
			files = (
				296CB9441A802B58003C70D2 /* ViewController.swift in Sources */,
				296CB9421A802B58003C70D2 /* AppDelegate.swift in Sources */,
			);
			runOnlyForDeploymentPostprocessing = 0;
		};
		296CB94D1A802B58003C70D2 /* Sources */ = {
			isa = PBXSourcesBuildPhase;
			buildActionMask = 2147483647;
			files = (
				296CB9581A802B58003C70D2 /* Chinese_Listening_PracticeTests.swift in Sources */,
			);
			runOnlyForDeploymentPostprocessing = 0;
		};
/* End PBXSourcesBuildPhase section */

/* Begin PBXTargetDependency section */
		296CB9531A802B58003C70D2 /* PBXTargetDependency */ = {
			isa = PBXTargetDependency;
			target = 296CB93B1A802B57003C70D2 /* Chinese Listening Practice */;
			targetProxy = 296CB9521A802B58003C70D2 /* PBXContainerItemProxy */;
		};
/* End PBXTargetDependency section */

/* Begin PBXVariantGroup section */
		296CB9451A802B58003C70D2 /* Main.storyboard */ = {
			isa = PBXVariantGroup;
			children = (
				296CB9461A802B58003C70D2 /* Base */,
			);
			name = Main.storyboard;
			sourceTree = "<group>";
		};
		296CB94A1A802B58003C70D2 /* LaunchScreen.xib */ = {
			isa = PBXVariantGroup;
			children = (
				296CB94B1A802B58003C70D2 /* Base */,
			);
			name = LaunchScreen.xib;
			sourceTree = "<group>";
		};
/* End PBXVariantGroup section */

/* Begin XCBuildConfiguration section */
		296CB9591A802B58003C70D2 /* Debug */ = {
			isa = XCBuildConfiguration;
			buildSettings = {
				ALWAYS_SEARCH_USER_PATHS = NO;
				CLANG_CXX_LANGUAGE_STANDARD = "gnu++0x";
				CLANG_CXX_LIBRARY = "libc++";
				CLANG_ENABLE_MODULES = YES;
				CLANG_ENABLE_OBJC_ARC = YES;
				CLANG_WARN_BOOL_CONVERSION = YES;
				CLANG_WARN_CONSTANT_CONVERSION = YES;
				CLANG_WARN_DIRECT_OBJC_ISA_USAGE = YES_ERROR;
				CLANG_WARN_EMPTY_BODY = YES;
				CLANG_WARN_ENUM_CONVERSION = YES;
				CLANG_WARN_INT_CONVERSION = YES;
				CLANG_WARN_OBJC_ROOT_CLASS = YES_ERROR;
				CLANG_WARN_UNREACHABLE_CODE = YES;
				CLANG_WARN__DUPLICATE_METHOD_MATCH = YES;
				"CODE_SIGN_IDENTITY[sdk=iphoneos*]" = "iPhone Developer";
				COPY_PHASE_STRIP = NO;
				ENABLE_STRICT_OBJC_MSGSEND = YES;
				GCC_C_LANGUAGE_STANDARD = gnu99;
				GCC_DYNAMIC_NO_PIC = NO;
				GCC_OPTIMIZATION_LEVEL = 0;
				GCC_PREPROCESSOR_DEFINITIONS = (
					"DEBUG=1",
					"$(inherited)",
				);
				GCC_SYMBOLS_PRIVATE_EXTERN = NO;
				GCC_WARN_64_TO_32_BIT_CONVERSION = YES;
				GCC_WARN_ABOUT_RETURN_TYPE = YES_ERROR;
				GCC_WARN_UNDECLARED_SELECTOR = YES;
				GCC_WARN_UNINITIALIZED_AUTOS = YES_AGGRESSIVE;
				GCC_WARN_UNUSED_FUNCTION = YES;
				GCC_WARN_UNUSED_VARIABLE = YES;
				IPHONEOS_DEPLOYMENT_TARGET = 8.1;
				MTL_ENABLE_DEBUG_INFO = YES;
				ONLY_ACTIVE_ARCH = YES;
				SDKROOT = iphoneos;
				SWIFT_OPTIMIZATION_LEVEL = "-Onone";
			};
			name = Debug;
		};
		296CB95A1A802B58003C70D2 /* Release */ = {
			isa = XCBuildConfiguration;
			buildSettings = {
				ALWAYS_SEARCH_USER_PATHS = NO;
				CLANG_CXX_LANGUAGE_STANDARD = "gnu++0x";
				CLANG_CXX_LIBRARY = "libc++";
				CLANG_ENABLE_MODULES = YES;
				CLANG_ENABLE_OBJC_ARC = YES;
				CLANG_WARN_BOOL_CONVERSION = YES;
				CLANG_WARN_CONSTANT_CONVERSION = YES;
				CLANG_WARN_DIRECT_OBJC_ISA_USAGE = YES_ERROR;
				CLANG_WARN_EMPTY_BODY = YES;
				CLANG_WARN_ENUM_CONVERSION = YES;
				CLANG_WARN_INT_CONVERSION = YES;
				CLANG_WARN_OBJC_ROOT_CLASS = YES_ERROR;
				CLANG_WARN_UNREACHABLE_CODE = YES;
				CLANG_WARN__DUPLICATE_METHOD_MATCH = YES;
				"CODE_SIGN_IDENTITY[sdk=iphoneos*]" = "iPhone Developer";
				COPY_PHASE_STRIP = YES;
				ENABLE_NS_ASSERTIONS = NO;
				ENABLE_STRICT_OBJC_MSGSEND = YES;
				GCC_C_LANGUAGE_STANDARD = gnu99;
				GCC_WARN_64_TO_32_BIT_CONVERSION = YES;
				GCC_WARN_ABOUT_RETURN_TYPE = YES_ERROR;
				GCC_WARN_UNDECLARED_SELECTOR = YES;
				GCC_WARN_UNINITIALIZED_AUTOS = YES_AGGRESSIVE;
				GCC_WARN_UNUSED_FUNCTION = YES;
				GCC_WARN_UNUSED_VARIABLE = YES;
				IPHONEOS_DEPLOYMENT_TARGET = 8.1;
				MTL_ENABLE_DEBUG_INFO = NO;
				SDKROOT = iphoneos;
				VALIDATE_PRODUCT = YES;
			};
			name = Release;
		};
		296CB95C1A802B58003C70D2 /* Debug */ = {
			isa = XCBuildConfiguration;
			buildSettings = {
				ASSETCATALOG_COMPILER_APPICON_NAME = AppIcon;
				INFOPLIST_FILE = "Chinese Listening Practice/Info.plist";
				LD_RUNPATH_SEARCH_PATHS = "$(inherited) @executable_path/Frameworks";
				PRODUCT_NAME = "$(TARGET_NAME)";
			};
			name = Debug;
		};
		296CB95D1A802B58003C70D2 /* Release */ = {
			isa = XCBuildConfiguration;
			buildSettings = {
				ASSETCATALOG_COMPILER_APPICON_NAME = AppIcon;
				INFOPLIST_FILE = "Chinese Listening Practice/Info.plist";
				LD_RUNPATH_SEARCH_PATHS = "$(inherited) @executable_path/Frameworks";
				PRODUCT_NAME = "$(TARGET_NAME)";
			};
			name = Release;
		};
		296CB95F1A802B58003C70D2 /* Debug */ = {
			isa = XCBuildConfiguration;
			buildSettings = {
				BUNDLE_LOADER = "$(TEST_HOST)";
				FRAMEWORK_SEARCH_PATHS = (
					"$(SDKROOT)/Developer/Library/Frameworks",
					"$(inherited)",
				);
				GCC_PREPROCESSOR_DEFINITIONS = (
					"DEBUG=1",
					"$(inherited)",
				);
				INFOPLIST_FILE = "Chinese Listening PracticeTests/Info.plist";
				LD_RUNPATH_SEARCH_PATHS = "$(inherited) @executable_path/Frameworks @loader_path/Frameworks";
				PRODUCT_NAME = "$(TARGET_NAME)";
				TEST_HOST = "$(BUILT_PRODUCTS_DIR)/Chinese Listening Practice.app/Chinese Listening Practice";
			};
			name = Debug;
		};
		296CB9601A802B58003C70D2 /* Release */ = {
			isa = XCBuildConfiguration;
			buildSettings = {
				BUNDLE_LOADER = "$(TEST_HOST)";
				FRAMEWORK_SEARCH_PATHS = (
					"$(SDKROOT)/Developer/Library/Frameworks",
					"$(inherited)",
				);
				INFOPLIST_FILE = "Chinese Listening PracticeTests/Info.plist";
				LD_RUNPATH_SEARCH_PATHS = "$(inherited) @executable_path/Frameworks @loader_path/Frameworks";
				PRODUCT_NAME = "$(TARGET_NAME)";
				TEST_HOST = "$(BUILT_PRODUCTS_DIR)/Chinese Listening Practice.app/Chinese Listening Practice";
			};
			name = Release;
		};
/* End XCBuildConfiguration section */

/* Begin XCConfigurationList section */
		296CB9371A802B57003C70D2 /* Build configuration list for PBXProject "Chinese Listening Practice" */ = {
			isa = XCConfigurationList;
			buildConfigurations = (
				296CB9591A802B58003C70D2 /* Debug */,
				296CB95A1A802B58003C70D2 /* Release */,
			);
			defaultConfigurationIsVisible = 0;
			defaultConfigurationName = Release;
		};
		296CB95B1A802B58003C70D2 /* Build configuration list for PBXNativeTarget "Chinese Listening Practice" */ = {
			isa = XCConfigurationList;
			buildConfigurations = (
				296CB95C1A802B58003C70D2 /* Debug */,
				296CB95D1A802B58003C70D2 /* Release */,
			);
			defaultConfigurationIsVisible = 0;
		};
		296CB95E1A802B58003C70D2 /* Build configuration list for PBXNativeTarget "Chinese Listening PracticeTests" */ = {
			isa = XCConfigurationList;
			buildConfigurations = (
				296CB95F1A802B58003C70D2 /* Debug */,
				296CB9601A802B58003C70D2 /* Release */,
			);
			defaultConfigurationIsVisible = 0;
		};
/* End XCConfigurationList section */
	};
	rootObject = 296CB9341A802B57003C70D2 /* Project object */;
}
